
Microsoft Visual Studio Solution File, Format Version 12.00
# Visual Studio Version 16
VisualStudioVersion = 16.0.31005.135
MinimumVisualStudioVersion = 10.0.40219.1
Project("{9A19103F-16F7-4668-BE54-9A1E7A4F7556}") = "MunitionsR_Us", "MunitionsR_Us\MunitionsR_Us.csproj", "{749C3B2E-8A12-454D-886A-FC498ADCFFC0}"
EndProject
Project("{9A19103F-16F7-4668-BE54-9A1E7A4F7556}") = "MunitionsR_Us.Tests", "MunitionsR_Us.Tests\MunitionsR_Us.Tests.csproj", "{810659C9-D220-4938-BF58-AB6EEDCF14B8}"
EndProject
Project("{FAE04EC0-301F-11D3-BF4B-00C04F79EFBC}") = "MunitionsR_Us_UI", "MunitionsR_Us_UI\MunitionsR_Us_UI.csproj", "{437D7D82-3EBB-440B-8A6A-19FFEDD0931F}"
EndProject
Global
	GlobalSection(SolutionConfigurationPlatforms) = preSolution
		Debug|Any CPU = Debug|Any CPU
		Release|Any CPU = Release|Any CPU
	EndGlobalSection
	GlobalSection(ProjectConfigurationPlatforms) = postSolution
		{749C3B2E-8A12-454D-886A-FC498ADCFFC0}.Debug|Any CPU.ActiveCfg = Debug|Any CPU
		{749C3B2E-8A12-454D-886A-FC498ADCFFC0}.Debug|Any CPU.Build.0 = Debug|Any CPU
		{749C3B2E-8A12-454D-886A-FC498ADCFFC0}.Release|Any CPU.ActiveCfg = Release|Any CPU
		{749C3B2E-8A12-454D-886A-FC498ADCFFC0}.Release|Any CPU.Build.0 = Release|Any CPU
		{810659C9-D220-4938-BF58-AB6EEDCF14B8}.Debug|Any CPU.ActiveCfg = Debug|Any CPU
		{810659C9-D220-4938-BF58-AB6EEDCF14B8}.Debug|Any CPU.Build.0 = Debug|Any CPU
		{810659C9-D220-4938-BF58-AB6EEDCF14B8}.Release|Any CPU.ActiveCfg = Release|Any CPU
		{810659C9-D220-4938-BF58-AB6EEDCF14B8}.Release|Any CPU.Build.0 = Release|Any CPU
		{437D7D82-3EBB-440B-8A6A-19FFEDD0931F}.Debug|Any CPU.ActiveCfg = Debug|Any CPU
		{437D7D82-3EBB-440B-8A6A-19FFEDD0931F}.Debug|Any CPU.Build.0 = Debug|Any CPU
		{437D7D82-3EBB-440B-8A6A-19FFEDD0931F}.Release|Any CPU.ActiveCfg = Release|Any CPU
		{437D7D82-3EBB-440B-8A6A-19FFEDD0931F}.Release|Any CPU.Build.0 = Release|Any CPU
	EndGlobalSection
	GlobalSection(SolutionProperties) = preSolution
		HideSolutionNode = FALSE
	EndGlobalSection
	GlobalSection(ExtensibilityGlobals) = postSolution
		SolutionGuid = {E0DCA8E6-B153-44B9-BB1A-D1AEB734E692}
	EndGlobalSection
EndGlobal
